
Microsoft Visual Studio Solution File, Format Version 12.00
# Visual Studio Version 16
VisualStudioVersion = 16.0.29512.175
MinimumVisualStudioVersion = 10.0.40219.1
Project("{9A19103F-16F7-4668-BE54-9A1E7A4F7556}") = "BlazorReporting.Server", "BlazorReporting\Server\BlazorReporting.Server.csproj", "{1BFEBED6-C7BF-4719-B8BD-189249785E41}"
EndProject
Project("{9A19103F-16F7-4668-BE54-9A1E7A4F7556}") = "BlazorReporting.Client", "BlazorReporting\Client\BlazorReporting.Client.csproj", "{47032929-EA51-4F86-B0DC-CD7B1027FA75}"
EndProject
Project("{9A19103F-16F7-4668-BE54-9A1E7A4F7556}") = "BlazorReporting.Shared", "BlazorReporting\Shared\BlazorReporting.Shared.csproj", "{0812988D-178B-44D3-BD27-3B3602445D22}"
EndProject
Global
	GlobalSection(SolutionConfigurationPlatforms) = preSolution
		Debug|Any CPU = Debug|Any CPU
		Release|Any CPU = Release|Any CPU
	EndGlobalSection
	GlobalSection(ProjectConfigurationPlatforms) = postSolution
		{1BFEBED6-C7BF-4719-B8BD-189249785E41}.Debug|Any CPU.ActiveCfg = Debug|Any CPU
		{1BFEBED6-C7BF-4719-B8BD-189249785E41}.Debug|Any CPU.Build.0 = Debug|Any CPU
		{1BFEBED6-C7BF-4719-B8BD-189249785E41}.Release|Any CPU.ActiveCfg = Release|Any CPU
		{1BFEBED6-C7BF-4719-B8BD-189249785E41}.Release|Any CPU.Build.0 = Release|Any CPU
		{47032929-EA51-4F86-B0DC-CD7B1027FA75}.Debug|Any CPU.ActiveCfg = Debug|Any CPU
		{47032929-EA51-4F86-B0DC-CD7B1027FA75}.Debug|Any CPU.Build.0 = Debug|Any CPU
		{47032929-EA51-4F86-B0DC-CD7B1027FA75}.Release|Any CPU.ActiveCfg = Release|Any CPU
		{47032929-EA51-4F86-B0DC-CD7B1027FA75}.Release|Any CPU.Build.0 = Release|Any CPU
		{0812988D-178B-44D3-BD27-3B3602445D22}.Debug|Any CPU.ActiveCfg = Debug|Any CPU
		{0812988D-178B-44D3-BD27-3B3602445D22}.Debug|Any CPU.Build.0 = Debug|Any CPU
		{0812988D-178B-44D3-BD27-3B3602445D22}.Release|Any CPU.ActiveCfg = Release|Any CPU
		{0812988D-178B-44D3-BD27-3B3602445D22}.Release|Any CPU.Build.0 = Release|Any CPU
	EndGlobalSection
	GlobalSection(SolutionProperties) = preSolution
		HideSolutionNode = FALSE
	EndGlobalSection
	GlobalSection(ExtensibilityGlobals) = postSolution
		SolutionGuid = {42DA1BCC-2509-45FA-A255-576F9EDB8771}
	EndGlobalSection
EndGlobal
